
Microsoft Visual Studio Solution File, Format Version 12.00
# Visual Studio Version 16
VisualStudioVersion = 16.0.29102.190
MinimumVisualStudioVersion = 10.0.40219.1
Project("{9A19103F-16F7-4668-BE54-9A1E7A4F7556}") = "fusonic-git-backup", "fusonic-git-backup.csproj", "{F6E977BF-7B3A-4EF7-8E1B-979918106096}"
EndProject
Global
	GlobalSection(SolutionConfigurationPlatforms) = preSolution
		Debug|Any CPU = Debug|Any CPU
		Release|Any CPU = Release|Any CPU
	EndGlobalSection
	GlobalSection(ProjectConfigurationPlatforms) = postSolution
		{F6E977BF-7B3A-4EF7-8E1B-979918106096}.Debug|Any CPU.ActiveCfg = Debug|Any CPU
		{F6E977BF-7B3A-4EF7-8E1B-979918106096}.Debug|Any CPU.Build.0 = Debug|Any CPU
		{F6E977BF-7B3A-4EF7-8E1B-979918106096}.Release|Any CPU.ActiveCfg = Release|Any CPU
		{F6E977BF-7B3A-4EF7-8E1B-979918106096}.Release|Any CPU.Build.0 = Release|Any CPU
	EndGlobalSection
	GlobalSection(SolutionProperties) = preSolution
		HideSolutionNode = FALSE
	EndGlobalSection
	GlobalSection(ExtensibilityGlobals) = postSolution
		SolutionGuid = {BDDD73DC-88CF-460A-86F5-C5BC2B4E6FA6}
	EndGlobalSection
EndGlobal
